{"is_source_file": false, "format": "", "description": "", "external_files": [], "external_methods": [], "published": [], "classes": [], "methods": [], "calls": [], "search-terms": [], "state": 2, "file_id": 33, "knowledge_revision": 94, "git_revision": "9c81fa9bd705e5069a5a83139e761db6a2c8b7db", "hash": "e9b4c3b42cef0193b7fddb548d37e652", "format-version": 4, "code-base-name": "default", "filename": "karaoke_app/post_process_status.lock", "revision_history": [{"94": "9c81fa9bd705e5069a5a83139e761db6a2c8b7db"}]}